
Microsoft Visual Studio Solution File, Format Version 12.00
# Visual Studio 2013
VisualStudioVersion = 12.0.31101.0
MinimumVisualStudioVersion = 10.0.40219.1
Project("{FAE04EC0-301F-11D3-BF4B-00C04F79EFBC}") = "Task 1. class123 in C", "Task 1. class123 in C\Task 1. class123 in C.csproj", "{3B107562-E547-4F60-AC15-4C67532955B7}"
EndProject
Project("{FAE04EC0-301F-11D3-BF4B-00C04F79EFBC}") = "Task 2. Make_Чуек in C", "Task 2. Make_Чуек in C\Task 2. Make_Чуек in C.csproj", "{BE75EC51-1EA4-434A-B2C4-0FA084DB67A8}"
EndProject
Project("{FAE04EC0-301F-11D3-BF4B-00C04F79EFBC}") = "Task4, Mines", "Mines\Task4, Mines.csproj", "{C393D6EA-C159-4731-9FD7-304BB69FF3A6}"
EndProject
Global
	GlobalSection(SolutionConfigurationPlatforms) = preSolution
		Debug|Any CPU = Debug|Any CPU
		Release|Any CPU = Release|Any CPU
	EndGlobalSection
	GlobalSection(ProjectConfigurationPlatforms) = postSolution
		{3B107562-E547-4F60-AC15-4C67532955B7}.Debug|Any CPU.ActiveCfg = Debug|Any CPU
		{3B107562-E547-4F60-AC15-4C67532955B7}.Debug|Any CPU.Build.0 = Debug|Any CPU
		{3B107562-E547-4F60-AC15-4C67532955B7}.Release|Any CPU.ActiveCfg = Release|Any CPU
		{3B107562-E547-4F60-AC15-4C67532955B7}.Release|Any CPU.Build.0 = Release|Any CPU
		{BE75EC51-1EA4-434A-B2C4-0FA084DB67A8}.Debug|Any CPU.ActiveCfg = Debug|Any CPU
		{BE75EC51-1EA4-434A-B2C4-0FA084DB67A8}.Debug|Any CPU.Build.0 = Debug|Any CPU
		{BE75EC51-1EA4-434A-B2C4-0FA084DB67A8}.Release|Any CPU.ActiveCfg = Release|Any CPU
		{BE75EC51-1EA4-434A-B2C4-0FA084DB67A8}.Release|Any CPU.Build.0 = Release|Any CPU
		{C393D6EA-C159-4731-9FD7-304BB69FF3A6}.Debug|Any CPU.ActiveCfg = Debug|Any CPU
		{C393D6EA-C159-4731-9FD7-304BB69FF3A6}.Debug|Any CPU.Build.0 = Debug|Any CPU
		{C393D6EA-C159-4731-9FD7-304BB69FF3A6}.Release|Any CPU.ActiveCfg = Release|Any CPU
		{C393D6EA-C159-4731-9FD7-304BB69FF3A6}.Release|Any CPU.Build.0 = Release|Any CPU
	EndGlobalSection
	GlobalSection(SolutionProperties) = preSolution
		HideSolutionNode = FALSE
	EndGlobalSection
EndGlobal
