
Microsoft Visual Studio Solution File, Format Version 12.00
# Visual Studio 2013
VisualStudioVersion = 12.0.31101.0
MinimumVisualStudioVersion = 10.0.40219.1
Project("{FAE04EC0-301F-11D3-BF4B-00C04F79EFBC}") = "Task 1. Class Chef in CSharp", "Task 1. Class Chef in CSharp\Task 1. Class Chef in CSharp.csproj", "{B3D89A1B-13BD-40E6-BFDB-35C0799E72CA}"
EndProject
Project("{FAE04EC0-301F-11D3-BF4B-00C04F79EFBC}") = "Task 2. Refactor the following if statements", "Task 2. Refactor the following if statements\Task 2. Refactor the following if statements.csproj", "{4643A5EE-B84B-414D-A1FF-FCDAEC6291CF}"
EndProject
Project("{FAE04EC0-301F-11D3-BF4B-00C04F79EFBC}") = "Task 3. Refactor the following loop", "Task 3. Refactor the following loop\Task 3. Refactor the following loop.csproj", "{37E7E847-BB65-43D0-B02B-A1BF22E67A1E}"
EndProject
Global
	GlobalSection(SolutionConfigurationPlatforms) = preSolution
		Debug|Any CPU = Debug|Any CPU
		Release|Any CPU = Release|Any CPU
	EndGlobalSection
	GlobalSection(ProjectConfigurationPlatforms) = postSolution
		{B3D89A1B-13BD-40E6-BFDB-35C0799E72CA}.Debug|Any CPU.ActiveCfg = Debug|Any CPU
		{B3D89A1B-13BD-40E6-BFDB-35C0799E72CA}.Debug|Any CPU.Build.0 = Debug|Any CPU
		{B3D89A1B-13BD-40E6-BFDB-35C0799E72CA}.Release|Any CPU.ActiveCfg = Release|Any CPU
		{B3D89A1B-13BD-40E6-BFDB-35C0799E72CA}.Release|Any CPU.Build.0 = Release|Any CPU
		{4643A5EE-B84B-414D-A1FF-FCDAEC6291CF}.Debug|Any CPU.ActiveCfg = Debug|Any CPU
		{4643A5EE-B84B-414D-A1FF-FCDAEC6291CF}.Debug|Any CPU.Build.0 = Debug|Any CPU
		{4643A5EE-B84B-414D-A1FF-FCDAEC6291CF}.Release|Any CPU.ActiveCfg = Release|Any CPU
		{4643A5EE-B84B-414D-A1FF-FCDAEC6291CF}.Release|Any CPU.Build.0 = Release|Any CPU
		{37E7E847-BB65-43D0-B02B-A1BF22E67A1E}.Debug|Any CPU.ActiveCfg = Debug|Any CPU
		{37E7E847-BB65-43D0-B02B-A1BF22E67A1E}.Debug|Any CPU.Build.0 = Debug|Any CPU
		{37E7E847-BB65-43D0-B02B-A1BF22E67A1E}.Release|Any CPU.ActiveCfg = Release|Any CPU
		{37E7E847-BB65-43D0-B02B-A1BF22E67A1E}.Release|Any CPU.Build.0 = Release|Any CPU
	EndGlobalSection
	GlobalSection(SolutionProperties) = preSolution
		HideSolutionNode = FALSE
	EndGlobalSection
EndGlobal
